// !$*UTF8*$!
{
	archiveVersion = 1;
	classes = {
	};
	objectVersion = 56;
	objects = {

/* Begin PBXAggregateTarget section */
		FADE78482BD01D2500BA5D5F /* else */ = {
			isa = PBXAggregateTarget;
			buildConfigurationList = FADE78492BD01D2500BA5D5F /* Build configuration list for PBXAggregateTarget "else" */;
			buildPhases = (
				FADE784C2BD01D2A00BA5D5F /* ShellScript */,
			);
			dependencies = (
			);
			name = else;
			productName = else;
		};
/* End PBXAggregateTarget section */

/* Begin PBXFileReference section */
		FA66FD2C2BCEAB4600706B95 /* Documentation */ = {isa = PBXFileReference; lastKnownFileType = folder; path = Documentation; sourceTree = "<group>"; };
		FA66FD2D2BCEAB4600706B95 /* Code_source */ = {isa = PBXFileReference; lastKnownFileType = folder; path = Code_source; sourceTree = "<group>"; };
		FA66FD2F2BCEAB4600706B95 /* LICENSE */ = {isa = PBXFileReference; lastKnownFileType = folder; path = LICENSE; sourceTree = "<group>"; };
		FA66FD302BCEAB4600706B95 /* Makefile */ = {isa = PBXFileReference; lastKnownFileType = sourcecode.make; path = Makefile; sourceTree = "<group>"; };
		FA66FD312BCEAB4600706B95 /* .gitmodules */ = {isa = PBXFileReference; lastKnownFileType = text; path = .gitmodules; sourceTree = "<group>"; };
		FA66FD322BCEAB4600706B95 /* README.md */ = {isa = PBXFileReference; lastKnownFileType = net.daringfireball.markdown; path = README.md; sourceTree = "<group>"; };
		FA66FD332BCEAB4600706B95 /* .gitignore */ = {isa = PBXFileReference; lastKnownFileType = text; path = .gitignore; sourceTree = "<group>"; };
		FA66FD342BCEAB4600706B95 /* .github */ = {isa = PBXFileReference; lastKnownFileType = folder; path = .github; sourceTree = "<group>"; };
		FA66FD352BCEAB4600706B95 /* .gitattributes */ = {isa = PBXFileReference; lastKnownFileType = text; path = .gitattributes; sourceTree = "<group>"; };
		FA66FD362BCEAB4600706B95 /* .git */ = {isa = PBXFileReference; lastKnownFileType = text; path = .git; sourceTree = "<group>"; };
		FA66FD372BCEAB4600706B95 /* License.txt */ = {isa = PBXFileReference; lastKnownFileType = text; path = License.txt; sourceTree = "<group>"; };
		FA66FD382BCEAB4600706B95 /* pd-lib-builder */ = {isa = PBXFileReference; lastKnownFileType = folder; path = "pd-lib-builder"; sourceTree = "<group>"; };
/* End PBXFileReference section */

/* Begin PBXGroup section */
		FA66FD262BCEAB4600706B95 = {
			isa = PBXGroup;
			children = (
				FA66FD2C2BCEAB4600706B95 /* Documentation */,
				FA66FD2D2BCEAB4600706B95 /* Code_source */,
				FA66FD2F2BCEAB4600706B95 /* LICENSE */,
				FA66FD302BCEAB4600706B95 /* Makefile */,
				FA66FD312BCEAB4600706B95 /* .gitmodules */,
				FA66FD322BCEAB4600706B95 /* README.md */,
				FA66FD332BCEAB4600706B95 /* .gitignore */,
				FA66FD342BCEAB4600706B95 /* .github */,
				FA66FD352BCEAB4600706B95 /* .gitattributes */,
				FA66FD362BCEAB4600706B95 /* .git */,
				FA66FD372BCEAB4600706B95 /* License.txt */,
				FA66FD382BCEAB4600706B95 /* pd-lib-builder */,
			);
			sourceTree = "<group>";
		};
/* End PBXGroup section */

/* Begin PBXProject section */
		FA66FD272BCEAB4600706B95 /* Project object */ = {
			isa = PBXProject;
			attributes = {
				BuildIndependentTargetsInParallel = 1;
				TargetAttributes = {
					FADE78482BD01D2500BA5D5F = {
						CreatedOnToolsVersion = 14.2;
					};
				};
			};
			buildConfigurationList = FA66FD2A2BCEAB4600706B95 /* Build configuration list for PBXProject "pd-else" */;
			compatibilityVersion = "Xcode 14.0";
			developmentRegion = en;
			hasScannedForEncodings = 0;
			knownRegions = (
				en,
				Base,
			);
			mainGroup = FA66FD262BCEAB4600706B95;
			projectDirPath = "";
			projectRoot = "";
			targets = (
				FADE78482BD01D2500BA5D5F /* else */,
			);
		};
/* End PBXProject section */

/* Begin PBXShellScriptBuildPhase section */
		FADE784C2BD01D2A00BA5D5F /* ShellScript */ = {
			isa = PBXShellScriptBuildPhase;
			alwaysOutOfDate = 1;
			buildActionMask = 2147483647;
			files = (
			);
			inputFileListPaths = (
			);
			inputPaths = (
			);
			outputFileListPaths = (
			);
			outputPaths = (
			);
			runOnlyForDeploymentPostprocessing = 0;
			shellPath = /bin/sh;
			shellScript = "\nrm -rf $PROJECT_DIR/../iOS/generated/else\n\nmake install CC=\"$(xcrun --sdk iphoneos --find clang) -isysroot $(xcrun --sdk iphoneos --show-sdk-path) -arch armv7 -arch armv7s -arch arm64\" PLATFORM=\"arm64-apple-ios\"  objectsdir=\"$PROJECT_DIR/../iOS/generated/\" extension=d_arm64\n\n\n\n\n\n\n\n\n";
		};
/* End PBXShellScriptBuildPhase section */

/* Begin XCBuildConfiguration section */
		FA66FD282BCEAB4600706B95 /* Debug */ = {
			isa = XCBuildConfiguration;
			buildSettings = {
				ARCHS = "$(ARCHS_STANDARD)";
				COPY_PHASE_STRIP = NO;
				GCC_WARN_ABOUT_RETURN_TYPE = NO;
				GCC_WARN_UNUSED_VARIABLE = NO;
				ONLY_ACTIVE_ARCH = YES;
				SDKROOT = iphoneos;
			};
			name = Debug;
		};
		FA66FD292BCEAB4600706B95 /* Release */ = {
			isa = XCBuildConfiguration;
			buildSettings = {
				ARCHS = "$(ARCHS_STANDARD)";
				COPY_PHASE_STRIP = YES;
				GCC_WARN_ABOUT_RETURN_TYPE = NO;
				GCC_WARN_UNUSED_VARIABLE = NO;
				ONLY_ACTIVE_ARCH = YES;
				SDKROOT = iphoneos;
			};
			name = Release;
		};
		FADE784A2BD01D2500BA5D5F /* Debug */ = {
			isa = XCBuildConfiguration;
			buildSettings = {
				CODE_SIGN_STYLE = Automatic;
				DEVELOPMENT_TEAM = M59X77GZ2V;
				PRODUCT_NAME = "$(TARGET_NAME)";
			};
			name = Debug;
		};
		FADE784B2BD01D2500BA5D5F /* Release */ = {
			isa = XCBuildConfiguration;
			buildSettings = {
				CODE_SIGN_STYLE = Automatic;
				DEVELOPMENT_TEAM = M59X77GZ2V;
				ONLY_ACTIVE_ARCH = YES;
				PRODUCT_NAME = "$(TARGET_NAME)";
			};
			name = Release;
		};
/* End XCBuildConfiguration section */

/* Begin XCConfigurationList section */
		FA66FD2A2BCEAB4600706B95 /* Build configuration list for PBXProject "pd-else" */ = {
			isa = XCConfigurationList;
			buildConfigurations = (
				FA66FD282BCEAB4600706B95 /* Debug */,
				FA66FD292BCEAB4600706B95 /* Release */,
			);
			defaultConfigurationIsVisible = 0;
			defaultConfigurationName = Release;
		};
		FADE78492BD01D2500BA5D5F /* Build configuration list for PBXAggregateTarget "else" */ = {
			isa = XCConfigurationList;
			buildConfigurations = (
				FADE784A2BD01D2500BA5D5F /* Debug */,
				FADE784B2BD01D2500BA5D5F /* Release */,
			);
			defaultConfigurationIsVisible = 0;
			defaultConfigurationName = Release;
		};
/* End XCConfigurationList section */
	};
	rootObject = FA66FD272BCEAB4600706B95 /* Project object */;
}
